{
  "name": "Quiz-app",
  "version": "1.0.0",
  "lockfileVersion": 3,
  "requires": true,
  "packages": {
    "": {
      "name": "Quiz-app",
      "version": "1.0.0",
      "license": "ISC",
      "devDependencies": {
        "@types/node": "^20.3.3"
      }
    },
    "node_modules/.pnpm/@types+node@20.3.3/node_modules/@types/node": {
      "version": "20.3.3",
      "dev": true,
      "license": "MIT"
    },
    "node_modules/.pnpm/sweetalert2@11.7.12/node_modules/sweetalert2": {
      "version": "11.7.12",
      "extraneous": true,
      "license": "MIT",
      "devDependencies": {
        "@babel/core": "^7.19.6",
        "@babel/preset-env": "^7.19.4",
        "@rollup/plugin-babel": "^6.0.2",
        "@rollup/plugin-terser": "^0.4.0",
        "@sweetalert2/eslint-config": "^1.0.11",
        "@sweetalert2/stylelint-config": "^2.0.6",
        "cypress": "^12.0.0",
        "eslint": "^8.24.0",
        "eslint-plugin-cypress": "^2.12.1",
        "eslint-plugin-jsdoc": "^46.0.0",
        "eslint-plugin-no-unsanitized": "^4.0.1",
        "jquery": "^3.6.1",
        "prettier": "^2.7.1",
        "rollup": "^3.2.2",
        "sass": "^1.55.0",
        "stylelint": "^15.0.0",
        "typescript": "4.0.2",
        "vite": "^4.0.0",
        "zx": "^7.1.1"
      },
      "funding": {
        "type": "individual",
        "url": "https://github.com/sponsors/limonte"
      }
    },
    "node_modules/@types/node": {
      "resolved": "node_modules/.pnpm/@types+node@20.3.3/node_modules/@types/node",
      "link": true
    }
  }
}
